
Microsoft Visual Studio Solution File, Format Version 12.00
# Visual Studio Version 16
VisualStudioVersion = 16.0.31624.102
MinimumVisualStudioVersion = 10.0.40219.1
Project("{8BC9CEB8-8B4A-11D0-8D11-00A0C91BC942}") = "FacebookHackerCupRound1_Q_A1", "FacebookHackerCupRound1_Q_A1\FacebookHackerCupRound1_Q_A1.vcxproj", "{3DA8E208-234C-440D-A22C-8BE001C18DE5}"
EndProject
Global
	GlobalSection(SolutionConfigurationPlatforms) = preSolution
		Debug|x64 = Debug|x64
		Debug|x86 = Debug|x86
		Release|x64 = Release|x64
		Release|x86 = Release|x86
	EndGlobalSection
	GlobalSection(ProjectConfigurationPlatforms) = postSolution
		{3DA8E208-234C-440D-A22C-8BE001C18DE5}.Debug|x64.ActiveCfg = Debug|x64
		{3DA8E208-234C-440D-A22C-8BE001C18DE5}.Debug|x64.Build.0 = Debug|x64
		{3DA8E208-234C-440D-A22C-8BE001C18DE5}.Debug|x86.ActiveCfg = Debug|Win32
		{3DA8E208-234C-440D-A22C-8BE001C18DE5}.Debug|x86.Build.0 = Debug|Win32
		{3DA8E208-234C-440D-A22C-8BE001C18DE5}.Release|x64.ActiveCfg = Release|x64
		{3DA8E208-234C-440D-A22C-8BE001C18DE5}.Release|x64.Build.0 = Release|x64
		{3DA8E208-234C-440D-A22C-8BE001C18DE5}.Release|x86.ActiveCfg = Release|Win32
		{3DA8E208-234C-440D-A22C-8BE001C18DE5}.Release|x86.Build.0 = Release|Win32
	EndGlobalSection
	GlobalSection(SolutionProperties) = preSolution
		HideSolutionNode = FALSE
	EndGlobalSection
	GlobalSection(ExtensibilityGlobals) = postSolution
		SolutionGuid = {455CE923-9FA7-48A2-A13A-4F5632BC08D8}
	EndGlobalSection
EndGlobal
